{
  "name": "pictures",
  "lockfileVersion": 3,
  "requires": true,
  "packages": {
    "": {
      "name": "pictures",
      "workspaces": [
        "packages/*"
      ]
    },
    "node_modules/@pictures/contracts": {
      "resolved": "packages/contracts",
      "link": true
    },
    "node_modules/zod": {
      "version": "4.3.6",
      "resolved": "https://registry.npmjs.org/zod/-/zod-4.3.6.tgz",
      "integrity": "sha512-rftlrkhHZOcjDwkGlnUtZZkvaPHCsDATp4pGpuOOMDaTdDDXF91wuVDJoWoPsKX/3YPQ5fHuF3STjcYyKr+Qhg==",
      "license": "MIT",
      "peer": true,
      "funding": {
        "url": "https://github.com/sponsors/colinhacks"
      }
    },
    "packages/contracts": {
      "name": "@pictures/contracts",
      "version": "0.0.0",
      "peerDependencies": {
        "zod": "^4.3.0"
      }
    }
  }
}
